
Microsoft Visual Studio Solution File, Format Version 12.00
# Visual Studio Version 17
VisualStudioVersion = 17.3.32519.111
MinimumVisualStudioVersion = 10.0.40219.1
Project("{9A19103F-16F7-4668-BE54-9A1E7A4F7556}") = "CikExtractor", "CikExtractor\CikExtractor.csproj", "{4E00EDDE-E181-423A-9524-102AAFE7A129}"
EndProject
Global
	GlobalSection(SolutionConfigurationPlatforms) = preSolution
		Debug|Any CPU = Debug|Any CPU
		Release|Any CPU = Release|Any CPU
	EndGlobalSection
	GlobalSection(ProjectConfigurationPlatforms) = postSolution
		{4E00EDDE-E181-423A-9524-102AAFE7A129}.Debug|Any CPU.ActiveCfg = Debug|Any CPU
		{4E00EDDE-E181-423A-9524-102AAFE7A129}.Debug|Any CPU.Build.0 = Debug|Any CPU
		{4E00EDDE-E181-423A-9524-102AAFE7A129}.Release|Any CPU.ActiveCfg = Release|Any CPU
		{4E00EDDE-E181-423A-9524-102AAFE7A129}.Release|Any CPU.Build.0 = Release|Any CPU
	EndGlobalSection
	GlobalSection(SolutionProperties) = preSolution
		HideSolutionNode = FALSE
	EndGlobalSection
	GlobalSection(ExtensibilityGlobals) = postSolution
		SolutionGuid = {5F71FFF6-B4DB-4838-BB99-685A0F258FF6}
	EndGlobalSection
EndGlobal
